// !$*UTF8*$!
{
	archiveVersion = 1;
	classes = {
	};
	objectVersion = 55;
	objects = {

/* Begin PBXBuildFile section */
		2BBF45B9271688AD00686134 /* YoutubeMain.storyboard in Resources */ = {isa = PBXBuildFile; fileRef = 2BBF45B8271688AD00686134 /* YoutubeMain.storyboard */; };
		2BBF45BB2716890300686134 /* CustomTBC.swift in Sources */ = {isa = PBXBuildFile; fileRef = 2BBF45BA2716890300686134 /* CustomTBC.swift */; };
		2BBF45BD2716891E00686134 /* HomeVC.swift in Sources */ = {isa = PBXBuildFile; fileRef = 2BBF45BC2716891E00686134 /* HomeVC.swift */; };
		2BBF45BF2716892B00686134 /* ShortsVC.swift in Sources */ = {isa = PBXBuildFile; fileRef = 2BBF45BE2716892B00686134 /* ShortsVC.swift */; };
		2BBF45C12716893B00686134 /* AddVC.swift in Sources */ = {isa = PBXBuildFile; fileRef = 2BBF45C02716893B00686134 /* AddVC.swift */; };
		2BBF45C32716894900686134 /* SubscribeVC.swift in Sources */ = {isa = PBXBuildFile; fileRef = 2BBF45C22716894900686134 /* SubscribeVC.swift */; };
		2BBF45C5271689B100686134 /* LockerVC.swift in Sources */ = {isa = PBXBuildFile; fileRef = 2BBF45C4271689B100686134 /* LockerVC.swift */; };
		2BC3B1AE2729C24300240249 /* UIView+Extension.swift in Sources */ = {isa = PBXBuildFile; fileRef = 2BC3B1AD2729C24300240249 /* UIView+Extension.swift */; };
		2BE4D6E62715F0DD00436945 /* UIVIewController+Extension.swift in Sources */ = {isa = PBXBuildFile; fileRef = 2BE4D6E52715F0DD00436945 /* UIVIewController+Extension.swift */; };
		2BF508CB270B0A50004EF83D /* AppDelegate.swift in Sources */ = {isa = PBXBuildFile; fileRef = 2BF508CA270B0A50004EF83D /* AppDelegate.swift */; };
		2BF508CD270B0A50004EF83D /* SceneDelegate.swift in Sources */ = {isa = PBXBuildFile; fileRef = 2BF508CC270B0A50004EF83D /* SceneDelegate.swift */; };
		2BF508D2270B0A50004EF83D /* Main.storyboard in Resources */ = {isa = PBXBuildFile; fileRef = 2BF508D0270B0A50004EF83D /* Main.storyboard */; };
		2BF508D4270B0A51004EF83D /* Assets.xcassets in Resources */ = {isa = PBXBuildFile; fileRef = 2BF508D3270B0A51004EF83D /* Assets.xcassets */; };
		2BF508D7270B0A51004EF83D /* LaunchScreen.storyboard in Resources */ = {isa = PBXBuildFile; fileRef = 2BF508D5270B0A51004EF83D /* LaunchScreen.storyboard */; };
		2BF508E4270B0BCB004EF83D /* LoginViewController.swift in Sources */ = {isa = PBXBuildFile; fileRef = 2BF508E3270B0BCB004EF83D /* LoginViewController.swift */; };
		2BF508E6270B0EE6004EF83D /* SignupViewController.swift in Sources */ = {isa = PBXBuildFile; fileRef = 2BF508E5270B0EE6004EF83D /* SignupViewController.swift */; };
		2BF508E8270B0F18004EF83D /* SuccessViewController.swift in Sources */ = {isa = PBXBuildFile; fileRef = 2BF508E7270B0F18004EF83D /* SuccessViewController.swift */; };
		AD636A2841FC32900DCE8B24 /* Pods_29th_iOS_Assignment.framework in Frameworks */ = {isa = PBXBuildFile; fileRef = 2B76D5275535EEC539B4BEEF /* Pods_29th_iOS_Assignment.framework */; };
/* End PBXBuildFile section */

/* Begin PBXFileReference section */
		1E0BF1C4A0D185311E8AC6CE /* Pods-29th-iOS-Assignment.release.xcconfig */ = {isa = PBXFileReference; includeInIndex = 1; lastKnownFileType = text.xcconfig; name = "Pods-29th-iOS-Assignment.release.xcconfig"; path = "Target Support Files/Pods-29th-iOS-Assignment/Pods-29th-iOS-Assignment.release.xcconfig"; sourceTree = "<group>"; };
		2B76D5275535EEC539B4BEEF /* Pods_29th_iOS_Assignment.framework */ = {isa = PBXFileReference; explicitFileType = wrapper.framework; includeInIndex = 0; path = Pods_29th_iOS_Assignment.framework; sourceTree = BUILT_PRODUCTS_DIR; };
		2BBF45B8271688AD00686134 /* YoutubeMain.storyboard */ = {isa = PBXFileReference; lastKnownFileType = file.storyboard; path = YoutubeMain.storyboard; sourceTree = "<group>"; };
		2BBF45BA2716890300686134 /* CustomTBC.swift */ = {isa = PBXFileReference; lastKnownFileType = sourcecode.swift; path = CustomTBC.swift; sourceTree = "<group>"; };
		2BBF45BC2716891E00686134 /* HomeVC.swift */ = {isa = PBXFileReference; lastKnownFileType = sourcecode.swift; path = HomeVC.swift; sourceTree = "<group>"; };
		2BBF45BE2716892B00686134 /* ShortsVC.swift */ = {isa = PBXFileReference; lastKnownFileType = sourcecode.swift; path = ShortsVC.swift; sourceTree = "<group>"; };
		2BBF45C02716893B00686134 /* AddVC.swift */ = {isa = PBXFileReference; lastKnownFileType = sourcecode.swift; path = AddVC.swift; sourceTree = "<group>"; };
		2BBF45C22716894900686134 /* SubscribeVC.swift */ = {isa = PBXFileReference; lastKnownFileType = sourcecode.swift; path = SubscribeVC.swift; sourceTree = "<group>"; };
		2BBF45C4271689B100686134 /* LockerVC.swift */ = {isa = PBXFileReference; lastKnownFileType = sourcecode.swift; path = LockerVC.swift; sourceTree = "<group>"; };
		2BC3B1AD2729C24300240249 /* UIView+Extension.swift */ = {isa = PBXFileReference; lastKnownFileType = sourcecode.swift; path = "UIView+Extension.swift"; sourceTree = "<group>"; };
		2BE4D6E52715F0DD00436945 /* UIVIewController+Extension.swift */ = {isa = PBXFileReference; lastKnownFileType = sourcecode.swift; path = "UIVIewController+Extension.swift"; sourceTree = "<group>"; };
		2BF508C7270B0A50004EF83D /* 29th-iOS-Assignment.app */ = {isa = PBXFileReference; explicitFileType = wrapper.application; includeInIndex = 0; path = "29th-iOS-Assignment.app"; sourceTree = BUILT_PRODUCTS_DIR; };
		2BF508CA270B0A50004EF83D /* AppDelegate.swift */ = {isa = PBXFileReference; lastKnownFileType = sourcecode.swift; path = AppDelegate.swift; sourceTree = "<group>"; };
		2BF508CC270B0A50004EF83D /* SceneDelegate.swift */ = {isa = PBXFileReference; lastKnownFileType = sourcecode.swift; path = SceneDelegate.swift; sourceTree = "<group>"; };
		2BF508D1270B0A50004EF83D /* Base */ = {isa = PBXFileReference; lastKnownFileType = file.storyboard; name = Base; path = Base.lproj/Main.storyboard; sourceTree = "<group>"; };
		2BF508D3270B0A51004EF83D /* Assets.xcassets */ = {isa = PBXFileReference; lastKnownFileType = folder.assetcatalog; path = Assets.xcassets; sourceTree = "<group>"; };
		2BF508D6270B0A51004EF83D /* Base */ = {isa = PBXFileReference; lastKnownFileType = file.storyboard; name = Base; path = Base.lproj/LaunchScreen.storyboard; sourceTree = "<group>"; };
		2BF508D8270B0A51004EF83D /* Info.plist */ = {isa = PBXFileReference; lastKnownFileType = text.plist.xml; path = Info.plist; sourceTree = "<group>"; };
		2BF508E3270B0BCB004EF83D /* LoginViewController.swift */ = {isa = PBXFileReference; lastKnownFileType = sourcecode.swift; path = LoginViewController.swift; sourceTree = "<group>"; };
		2BF508E5270B0EE6004EF83D /* SignupViewController.swift */ = {isa = PBXFileReference; lastKnownFileType = sourcecode.swift; path = SignupViewController.swift; sourceTree = "<group>"; };
		2BF508E7270B0F18004EF83D /* SuccessViewController.swift */ = {isa = PBXFileReference; lastKnownFileType = sourcecode.swift; path = SuccessViewController.swift; sourceTree = "<group>"; };
		4D0A1778A9851177E1AC83B6 /* Pods-29th-iOS-Assignment.debug.xcconfig */ = {isa = PBXFileReference; includeInIndex = 1; lastKnownFileType = text.xcconfig; name = "Pods-29th-iOS-Assignment.debug.xcconfig"; path = "Target Support Files/Pods-29th-iOS-Assignment/Pods-29th-iOS-Assignment.debug.xcconfig"; sourceTree = "<group>"; };
/* End PBXFileReference section */

/* Begin PBXFrameworksBuildPhase section */
		2BF508C4270B0A50004EF83D /* Frameworks */ = {
			isa = PBXFrameworksBuildPhase;
			buildActionMask = 2147483647;
			files = (
				AD636A2841FC32900DCE8B24 /* Pods_29th_iOS_Assignment.framework in Frameworks */,
			);
			runOnlyForDeploymentPostprocessing = 0;
		};
/* End PBXFrameworksBuildPhase section */

/* Begin PBXGroup section */
		2BE4D6E42715F0BD00436945 /* Extensions */ = {
			isa = PBXGroup;
			children = (
				2BE4D6E52715F0DD00436945 /* UIVIewController+Extension.swift */,
				2BC3B1AD2729C24300240249 /* UIView+Extension.swift */,
			);
			path = Extensions;
			sourceTree = "<group>";
		};
		2BF508BE270B0A50004EF83D = {
			isa = PBXGroup;
			children = (
				2BF508C9270B0A50004EF83D /* 29th-iOS-Assignment */,
				2BF508C8270B0A50004EF83D /* Products */,
				63A16366742870AFFA9ABEBD /* Pods */,
				A24AF1DB1CF5AA23E5DD322F /* Frameworks */,
			);
			sourceTree = "<group>";
		};
		2BF508C8270B0A50004EF83D /* Products */ = {
			isa = PBXGroup;
			children = (
				2BF508C7270B0A50004EF83D /* 29th-iOS-Assignment.app */,
			);
			name = Products;
			sourceTree = "<group>";
		};
		2BF508C9270B0A50004EF83D /* 29th-iOS-Assignment */ = {
			isa = PBXGroup;
			children = (
				2BE4D6E42715F0BD00436945 /* Extensions */,
				2BF508E2270B0B3B004EF83D /* Supports */,
				2BF508E1270B0AE4004EF83D /* ViewControllers */,
				2BF508DE270B0AA2004EF83D /* Storyboards */,
				2BF508D3270B0A51004EF83D /* Assets.xcassets */,
				2BF508D8270B0A51004EF83D /* Info.plist */,
			);
			path = "29th-iOS-Assignment";
			sourceTree = "<group>";
		};
		2BF508DE270B0AA2004EF83D /* Storyboards */ = {
			isa = PBXGroup;
			children = (
				2BF508D0270B0A50004EF83D /* Main.storyboard */,
				2BF508D5270B0A51004EF83D /* LaunchScreen.storyboard */,
				2BBF45B8271688AD00686134 /* YoutubeMain.storyboard */,
			);
			path = Storyboards;
			sourceTree = "<group>";
		};
		2BF508E1270B0AE4004EF83D /* ViewControllers */ = {
			isa = PBXGroup;
			children = (
				2BF508E3270B0BCB004EF83D /* LoginViewController.swift */,
				2BF508E5270B0EE6004EF83D /* SignupViewController.swift */,
				2BF508E7270B0F18004EF83D /* SuccessViewController.swift */,
				2BBF45BA2716890300686134 /* CustomTBC.swift */,
				2BBF45BC2716891E00686134 /* HomeVC.swift */,
				2BBF45BE2716892B00686134 /* ShortsVC.swift */,
				2BBF45C02716893B00686134 /* AddVC.swift */,
				2BBF45C22716894900686134 /* SubscribeVC.swift */,
				2BBF45C4271689B100686134 /* LockerVC.swift */,
			);
			path = ViewControllers;
			sourceTree = "<group>";
		};
		2BF508E2270B0B3B004EF83D /* Supports */ = {
			isa = PBXGroup;
			children = (
				2BF508CA270B0A50004EF83D /* AppDelegate.swift */,
				2BF508CC270B0A50004EF83D /* SceneDelegate.swift */,
			);
			path = Supports;
			sourceTree = "<group>";
		};
		63A16366742870AFFA9ABEBD /* Pods */ = {
			isa = PBXGroup;
			children = (
				4D0A1778A9851177E1AC83B6 /* Pods-29th-iOS-Assignment.debug.xcconfig */,
				1E0BF1C4A0D185311E8AC6CE /* Pods-29th-iOS-Assignment.release.xcconfig */,
			);
			path = Pods;
			sourceTree = "<group>";
		};
		A24AF1DB1CF5AA23E5DD322F /* Frameworks */ = {
			isa = PBXGroup;
			children = (
				2B76D5275535EEC539B4BEEF /* Pods_29th_iOS_Assignment.framework */,
			);
			name = Frameworks;
			sourceTree = "<group>";
		};
/* End PBXGroup section */

/* Begin PBXNativeTarget section */
		2BF508C6270B0A50004EF83D /* 29th-iOS-Assignment */ = {
			isa = PBXNativeTarget;
			buildConfigurationList = 2BF508DB270B0A51004EF83D /* Build configuration list for PBXNativeTarget "29th-iOS-Assignment" */;
			buildPhases = (
				D2A6FE0FFC3E2C7A7DB1E7EF /* [CP] Check Pods Manifest.lock */,
				2BF508C3270B0A50004EF83D /* Sources */,
				2BF508C4270B0A50004EF83D /* Frameworks */,
				2BF508C5270B0A50004EF83D /* Resources */,
				EF9A8CACC060C826E79F4FF7 /* [CP] Embed Pods Frameworks */,
			);
			buildRules = (
			);
			dependencies = (
			);
			name = "29th-iOS-Assignment";
			productName = "29th-iOS-Assignment";
			productReference = 2BF508C7270B0A50004EF83D /* 29th-iOS-Assignment.app */;
			productType = "com.apple.product-type.application";
		};
/* End PBXNativeTarget section */

/* Begin PBXProject section */
		2BF508BF270B0A50004EF83D /* Project object */ = {
			isa = PBXProject;
			attributes = {
				BuildIndependentTargetsInParallel = 1;
				LastSwiftUpdateCheck = 1300;
				LastUpgradeCheck = 1300;
				TargetAttributes = {
					2BF508C6270B0A50004EF83D = {
						CreatedOnToolsVersion = 13.0;
					};
				};
			};
			buildConfigurationList = 2BF508C2270B0A50004EF83D /* Build configuration list for PBXProject "29th-iOS-Assignment" */;
			compatibilityVersion = "Xcode 13.0";
			developmentRegion = en;
			hasScannedForEncodings = 0;
			knownRegions = (
				en,
				Base,
			);
			mainGroup = 2BF508BE270B0A50004EF83D;
			productRefGroup = 2BF508C8270B0A50004EF83D /* Products */;
			projectDirPath = "";
			projectRoot = "";
			targets = (
				2BF508C6270B0A50004EF83D /* 29th-iOS-Assignment */,
			);
		};
/* End PBXProject section */

/* Begin PBXResourcesBuildPhase section */
		2BF508C5270B0A50004EF83D /* Resources */ = {
			isa = PBXResourcesBuildPhase;
			buildActionMask = 2147483647;
			files = (
				2BF508D7270B0A51004EF83D /* LaunchScreen.storyboard in Resources */,
				2BF508D4270B0A51004EF83D /* Assets.xcassets in Resources */,
				2BF508D2270B0A50004EF83D /* Main.storyboard in Resources */,
				2BBF45B9271688AD00686134 /* YoutubeMain.storyboard in Resources */,
			);
			runOnlyForDeploymentPostprocessing = 0;
		};
/* End PBXResourcesBuildPhase section */

/* Begin PBXShellScriptBuildPhase section */
		D2A6FE0FFC3E2C7A7DB1E7EF /* [CP] Check Pods Manifest.lock */ = {
			isa = PBXShellScriptBuildPhase;
			buildActionMask = 2147483647;
			files = (
			);
			inputFileListPaths = (
			);
			inputPaths = (
				"${PODS_PODFILE_DIR_PATH}/Podfile.lock",
				"${PODS_ROOT}/Manifest.lock",
			);
			name = "[CP] Check Pods Manifest.lock";
			outputFileListPaths = (
			);
			outputPaths = (
				"$(DERIVED_FILE_DIR)/Pods-29th-iOS-Assignment-checkManifestLockResult.txt",
			);
			runOnlyForDeploymentPostprocessing = 0;
			shellPath = /bin/sh;
			shellScript = "diff \"${PODS_PODFILE_DIR_PATH}/Podfile.lock\" \"${PODS_ROOT}/Manifest.lock\" > /dev/null\nif [ $? != 0 ] ; then\n    # print error to STDERR\n    echo \"error: The sandbox is not in sync with the Podfile.lock. Run 'pod install' or update your CocoaPods installation.\" >&2\n    exit 1\nfi\n# This output is used by Xcode 'outputs' to avoid re-running this script phase.\necho \"SUCCESS\" > \"${SCRIPT_OUTPUT_FILE_0}\"\n";
			showEnvVarsInLog = 0;
		};
		EF9A8CACC060C826E79F4FF7 /* [CP] Embed Pods Frameworks */ = {
			isa = PBXShellScriptBuildPhase;
			buildActionMask = 2147483647;
			files = (
			);
			inputFileListPaths = (
				"${PODS_ROOT}/Target Support Files/Pods-29th-iOS-Assignment/Pods-29th-iOS-Assignment-frameworks-${CONFIGURATION}-input-files.xcfilelist",
			);
			name = "[CP] Embed Pods Frameworks";
			outputFileListPaths = (
				"${PODS_ROOT}/Target Support Files/Pods-29th-iOS-Assignment/Pods-29th-iOS-Assignment-frameworks-${CONFIGURATION}-output-files.xcfilelist",
			);
			runOnlyForDeploymentPostprocessing = 0;
			shellPath = /bin/sh;
			shellScript = "\"${PODS_ROOT}/Target Support Files/Pods-29th-iOS-Assignment/Pods-29th-iOS-Assignment-frameworks.sh\"\n";
			showEnvVarsInLog = 0;
		};
/* End PBXShellScriptBuildPhase section */

/* Begin PBXSourcesBuildPhase section */
		2BF508C3270B0A50004EF83D /* Sources */ = {
			isa = PBXSourcesBuildPhase;
			buildActionMask = 2147483647;
			files = (
				2BF508E4270B0BCB004EF83D /* LoginViewController.swift in Sources */,
				2BC3B1AE2729C24300240249 /* UIView+Extension.swift in Sources */,
				2BBF45BD2716891E00686134 /* HomeVC.swift in Sources */,
				2BBF45C5271689B100686134 /* LockerVC.swift in Sources */,
				2BBF45BB2716890300686134 /* CustomTBC.swift in Sources */,
				2BF508CB270B0A50004EF83D /* AppDelegate.swift in Sources */,
				2BBF45C12716893B00686134 /* AddVC.swift in Sources */,
				2BE4D6E62715F0DD00436945 /* UIVIewController+Extension.swift in Sources */,
				2BF508E6270B0EE6004EF83D /* SignupViewController.swift in Sources */,
				2BF508E8270B0F18004EF83D /* SuccessViewController.swift in Sources */,
				2BBF45BF2716892B00686134 /* ShortsVC.swift in Sources */,
				2BF508CD270B0A50004EF83D /* SceneDelegate.swift in Sources */,
				2BBF45C32716894900686134 /* SubscribeVC.swift in Sources */,
			);
			runOnlyForDeploymentPostprocessing = 0;
		};
/* End PBXSourcesBuildPhase section */

/* Begin PBXVariantGroup section */
		2BF508D0270B0A50004EF83D /* Main.storyboard */ = {
			isa = PBXVariantGroup;
			children = (
				2BF508D1270B0A50004EF83D /* Base */,
			);
			name = Main.storyboard;
			sourceTree = "<group>";
		};
		2BF508D5270B0A51004EF83D /* LaunchScreen.storyboard */ = {
			isa = PBXVariantGroup;
			children = (
				2BF508D6270B0A51004EF83D /* Base */,
			);
			name = LaunchScreen.storyboard;
			sourceTree = "<group>";
		};
/* End PBXVariantGroup section */

/* Begin XCBuildConfiguration section */
		2BF508D9270B0A51004EF83D /* Debug */ = {
			isa = XCBuildConfiguration;
			buildSettings = {
				ALWAYS_SEARCH_USER_PATHS = NO;
				CLANG_ANALYZER_NONNULL = YES;
				CLANG_ANALYZER_NUMBER_OBJECT_CONVERSION = YES_AGGRESSIVE;
				CLANG_CXX_LANGUAGE_STANDARD = "gnu++17";
				CLANG_CXX_LIBRARY = "libc++";
				CLANG_ENABLE_MODULES = YES;
				CLANG_ENABLE_OBJC_ARC = YES;
				CLANG_ENABLE_OBJC_WEAK = YES;
				CLANG_WARN_BLOCK_CAPTURE_AUTORELEASING = YES;
				CLANG_WARN_BOOL_CONVERSION = YES;
				CLANG_WARN_COMMA = YES;
				CLANG_WARN_CONSTANT_CONVERSION = YES;
				CLANG_WARN_DEPRECATED_OBJC_IMPLEMENTATIONS = YES;
				CLANG_WARN_DIRECT_OBJC_ISA_USAGE = YES_ERROR;
				CLANG_WARN_DOCUMENTATION_COMMENTS = YES;
				CLANG_WARN_EMPTY_BODY = YES;
				CLANG_WARN_ENUM_CONVERSION = YES;
				CLANG_WARN_INFINITE_RECURSION = YES;
				CLANG_WARN_INT_CONVERSION = YES;
				CLANG_WARN_NON_LITERAL_NULL_CONVERSION = YES;
				CLANG_WARN_OBJC_IMPLICIT_RETAIN_SELF = YES;
				CLANG_WARN_OBJC_LITERAL_CONVERSION = YES;
				CLANG_WARN_OBJC_ROOT_CLASS = YES_ERROR;
				CLANG_WARN_QUOTED_INCLUDE_IN_FRAMEWORK_HEADER = YES;
				CLANG_WARN_RANGE_LOOP_ANALYSIS = YES;
				CLANG_WARN_STRICT_PROTOTYPES = YES;
				CLANG_WARN_SUSPICIOUS_MOVE = YES;
				CLANG_WARN_UNGUARDED_AVAILABILITY = YES_AGGRESSIVE;
				CLANG_WARN_UNREACHABLE_CODE = YES;
				CLANG_WARN__DUPLICATE_METHOD_MATCH = YES;
				COPY_PHASE_STRIP = NO;
				DEBUG_INFORMATION_FORMAT = dwarf;
				ENABLE_STRICT_OBJC_MSGSEND = YES;
				ENABLE_TESTABILITY = YES;
				GCC_C_LANGUAGE_STANDARD = gnu11;
				GCC_DYNAMIC_NO_PIC = NO;
				GCC_NO_COMMON_BLOCKS = YES;
				GCC_OPTIMIZATION_LEVEL = 0;
				GCC_PREPROCESSOR_DEFINITIONS = (
					"DEBUG=1",
					"$(inherited)",
				);
				GCC_WARN_64_TO_32_BIT_CONVERSION = YES;
				GCC_WARN_ABOUT_RETURN_TYPE = YES_ERROR;
				GCC_WARN_UNDECLARED_SELECTOR = YES;
				GCC_WARN_UNINITIALIZED_AUTOS = YES_AGGRESSIVE;
				GCC_WARN_UNUSED_FUNCTION = YES;
				GCC_WARN_UNUSED_VARIABLE = YES;
				IPHONEOS_DEPLOYMENT_TARGET = 15.0;
				MTL_ENABLE_DEBUG_INFO = INCLUDE_SOURCE;
				MTL_FAST_MATH = YES;
				ONLY_ACTIVE_ARCH = YES;
				SDKROOT = iphoneos;
				SWIFT_ACTIVE_COMPILATION_CONDITIONS = DEBUG;
				SWIFT_OPTIMIZATION_LEVEL = "-Onone";
			};
			name = Debug;
		};
		2BF508DA270B0A51004EF83D /* Release */ = {
			isa = XCBuildConfiguration;
			buildSettings = {
				ALWAYS_SEARCH_USER_PATHS = NO;
				CLANG_ANALYZER_NONNULL = YES;
				CLANG_ANALYZER_NUMBER_OBJECT_CONVERSION = YES_AGGRESSIVE;
				CLANG_CXX_LANGUAGE_STANDARD = "gnu++17";
				CLANG_CXX_LIBRARY = "libc++";
				CLANG_ENABLE_MODULES = YES;
				CLANG_ENABLE_OBJC_ARC = YES;
				CLANG_ENABLE_OBJC_WEAK = YES;
				CLANG_WARN_BLOCK_CAPTURE_AUTORELEASING = YES;
				CLANG_WARN_BOOL_CONVERSION = YES;
				CLANG_WARN_COMMA = YES;
				CLANG_WARN_CONSTANT_CONVERSION = YES;
				CLANG_WARN_DEPRECATED_OBJC_IMPLEMENTATIONS = YES;
				CLANG_WARN_DIRECT_OBJC_ISA_USAGE = YES_ERROR;
				CLANG_WARN_DOCUMENTATION_COMMENTS = YES;
				CLANG_WARN_EMPTY_BODY = YES;
				CLANG_WARN_ENUM_CONVERSION = YES;
				CLANG_WARN_INFINITE_RECURSION = YES;
				CLANG_WARN_INT_CONVERSION = YES;
				CLANG_WARN_NON_LITERAL_NULL_CONVERSION = YES;
				CLANG_WARN_OBJC_IMPLICIT_RETAIN_SELF = YES;
				CLANG_WARN_OBJC_LITERAL_CONVERSION = YES;
				CLANG_WARN_OBJC_ROOT_CLASS = YES_ERROR;
				CLANG_WARN_QUOTED_INCLUDE_IN_FRAMEWORK_HEADER = YES;
				CLANG_WARN_RANGE_LOOP_ANALYSIS = YES;
				CLANG_WARN_STRICT_PROTOTYPES = YES;
				CLANG_WARN_SUSPICIOUS_MOVE = YES;
				CLANG_WARN_UNGUARDED_AVAILABILITY = YES_AGGRESSIVE;
				CLANG_WARN_UNREACHABLE_CODE = YES;
				CLANG_WARN__DUPLICATE_METHOD_MATCH = YES;
				COPY_PHASE_STRIP = NO;
				DEBUG_INFORMATION_FORMAT = "dwarf-with-dsym";
				ENABLE_NS_ASSERTIONS = NO;
				ENABLE_STRICT_OBJC_MSGSEND = YES;
				GCC_C_LANGUAGE_STANDARD = gnu11;
				GCC_NO_COMMON_BLOCKS = YES;
				GCC_WARN_64_TO_32_BIT_CONVERSION = YES;
				GCC_WARN_ABOUT_RETURN_TYPE = YES_ERROR;
				GCC_WARN_UNDECLARED_SELECTOR = YES;
				GCC_WARN_UNINITIALIZED_AUTOS = YES_AGGRESSIVE;
				GCC_WARN_UNUSED_FUNCTION = YES;
				GCC_WARN_UNUSED_VARIABLE = YES;
				IPHONEOS_DEPLOYMENT_TARGET = 15.0;
				MTL_ENABLE_DEBUG_INFO = NO;
				MTL_FAST_MATH = YES;
				SDKROOT = iphoneos;
				SWIFT_COMPILATION_MODE = wholemodule;
				SWIFT_OPTIMIZATION_LEVEL = "-O";
				VALIDATE_PRODUCT = YES;
			};
			name = Release;
		};
		2BF508DC270B0A51004EF83D /* Debug */ = {
			isa = XCBuildConfiguration;
			baseConfigurationReference = 4D0A1778A9851177E1AC83B6 /* Pods-29th-iOS-Assignment.debug.xcconfig */;
			buildSettings = {
				ASSETCATALOG_COMPILER_APPICON_NAME = AppIcon;
				ASSETCATALOG_COMPILER_GLOBAL_ACCENT_COLOR_NAME = AccentColor;
				CODE_SIGN_STYLE = Automatic;
				CURRENT_PROJECT_VERSION = 1;
				DEVELOPMENT_TEAM = 4QG3GC35LA;
				GENERATE_INFOPLIST_FILE = YES;
				INFOPLIST_FILE = "29th-iOS-Assignment/Info.plist";
				INFOPLIST_KEY_UIApplicationSupportsIndirectInputEvents = YES;
				INFOPLIST_KEY_UILaunchStoryboardName = LaunchScreen;
				INFOPLIST_KEY_UIMainStoryboardFile = Main;
				INFOPLIST_KEY_UISupportedInterfaceOrientations_iPad = "UIInterfaceOrientationPortrait UIInterfaceOrientationPortraitUpsideDown UIInterfaceOrientationLandscapeLeft UIInterfaceOrientationLandscapeRight";
				INFOPLIST_KEY_UISupportedInterfaceOrientations_iPhone = "UIInterfaceOrientationPortrait UIInterfaceOrientationLandscapeLeft UIInterfaceOrientationLandscapeRight";
				LD_RUNPATH_SEARCH_PATHS = (
					"$(inherited)",
					"@executable_path/Frameworks",
				);
				MARKETING_VERSION = 1.0;
				PRODUCT_BUNDLE_IDENTIFIER = "subin.-9th-iOS-Assignment";
				PRODUCT_NAME = "$(TARGET_NAME)";
				SWIFT_EMIT_LOC_STRINGS = YES;
				SWIFT_VERSION = 5.0;
				TARGETED_DEVICE_FAMILY = "1,2";
			};
			name = Debug;
		};
		2BF508DD270B0A51004EF83D /* Release */ = {
			isa = XCBuildConfiguration;
			baseConfigurationReference = 1E0BF1C4A0D185311E8AC6CE /* Pods-29th-iOS-Assignment.release.xcconfig */;
			buildSettings = {
				ASSETCATALOG_COMPILER_APPICON_NAME = AppIcon;
				ASSETCATALOG_COMPILER_GLOBAL_ACCENT_COLOR_NAME = AccentColor;
				CODE_SIGN_STYLE = Automatic;
				CURRENT_PROJECT_VERSION = 1;
				DEVELOPMENT_TEAM = 4QG3GC35LA;
				GENERATE_INFOPLIST_FILE = YES;
				INFOPLIST_FILE = "29th-iOS-Assignment/Info.plist";
				INFOPLIST_KEY_UIApplicationSupportsIndirectInputEvents = YES;
				INFOPLIST_KEY_UILaunchStoryboardName = LaunchScreen;
				INFOPLIST_KEY_UIMainStoryboardFile = Main;
				INFOPLIST_KEY_UISupportedInterfaceOrientations_iPad = "UIInterfaceOrientationPortrait UIInterfaceOrientationPortraitUpsideDown UIInterfaceOrientationLandscapeLeft UIInterfaceOrientationLandscapeRight";
				INFOPLIST_KEY_UISupportedInterfaceOrientations_iPhone = "UIInterfaceOrientationPortrait UIInterfaceOrientationLandscapeLeft UIInterfaceOrientationLandscapeRight";
				LD_RUNPATH_SEARCH_PATHS = (
					"$(inherited)",
					"@executable_path/Frameworks",
				);
				MARKETING_VERSION = 1.0;
				PRODUCT_BUNDLE_IDENTIFIER = "subin.-9th-iOS-Assignment";
				PRODUCT_NAME = "$(TARGET_NAME)";
				SWIFT_EMIT_LOC_STRINGS = YES;
				SWIFT_VERSION = 5.0;
				TARGETED_DEVICE_FAMILY = "1,2";
			};
			name = Release;
		};
/* End XCBuildConfiguration section */

/* Begin XCConfigurationList section */
		2BF508C2270B0A50004EF83D /* Build configuration list for PBXProject "29th-iOS-Assignment" */ = {
			isa = XCConfigurationList;
			buildConfigurations = (
				2BF508D9270B0A51004EF83D /* Debug */,
				2BF508DA270B0A51004EF83D /* Release */,
			);
			defaultConfigurationIsVisible = 0;
			defaultConfigurationName = Release;
		};
		2BF508DB270B0A51004EF83D /* Build configuration list for PBXNativeTarget "29th-iOS-Assignment" */ = {
			isa = XCConfigurationList;
			buildConfigurations = (
				2BF508DC270B0A51004EF83D /* Debug */,
				2BF508DD270B0A51004EF83D /* Release */,
			);
			defaultConfigurationIsVisible = 0;
			defaultConfigurationName = Release;
		};
/* End XCConfigurationList section */
	};
	rootObject = 2BF508BF270B0A50004EF83D /* Project object */;
}
